
Microsoft Visual Studio Solution File, Format Version 12.00
# Visual Studio Version 17
VisualStudioVersion = 17.5.002.0
MinimumVisualStudioVersion = 10.0.40219.1
Project("{9A19103F-16F7-4668-BE54-9A1E7A4F7556}") = "test-repo", "test-repo.csproj", "{F61AFA0E-9D2C-4E4B-A637-1A6439AA07BC}"
EndProject
Global
	GlobalSection(SolutionConfigurationPlatforms) = preSolution
		Debug|Any CPU = Debug|Any CPU
		Release|Any CPU = Release|Any CPU
	EndGlobalSection
	GlobalSection(ProjectConfigurationPlatforms) = postSolution
		{F61AFA0E-9D2C-4E4B-A637-1A6439AA07BC}.Debug|Any CPU.ActiveCfg = Debug|Any CPU
		{F61AFA0E-9D2C-4E4B-A637-1A6439AA07BC}.Debug|Any CPU.Build.0 = Debug|Any CPU
		{F61AFA0E-9D2C-4E4B-A637-1A6439AA07BC}.Release|Any CPU.ActiveCfg = Release|Any CPU
		{F61AFA0E-9D2C-4E4B-A637-1A6439AA07BC}.Release|Any CPU.Build.0 = Release|Any CPU
	EndGlobalSection
	GlobalSection(SolutionProperties) = preSolution
		HideSolutionNode = FALSE
	EndGlobalSection
	GlobalSection(ExtensibilityGlobals) = postSolution
		SolutionGuid = {82DD748D-BC10-4EFC-8C22-615CAFC2BA43}
	EndGlobalSection
EndGlobal
